
Microsoft Visual Studio Solution File, Format Version 12.00
# Visual Studio Version 17
VisualStudioVersion = 17.7.34009.444
MinimumVisualStudioVersion = 10.0.40219.1
Project("{9A19103F-16F7-4668-BE54-9A1E7A4F7556}") = "DevFreela.API", "DevFreela.API\DevFreela.API.csproj", "{53BCD747-62EA-4432-B3C7-2A0C3E40BF9E}"
EndProject
Project("{9A19103F-16F7-4668-BE54-9A1E7A4F7556}") = "DevFreela.Core", "DevFreela.Core\DevFreela.Core.csproj", "{BF58027F-C82D-4C07-929B-3DD7B8BA6839}"
EndProject
Project("{9A19103F-16F7-4668-BE54-9A1E7A4F7556}") = "DevFreela.Infrastructure", "DevFreela.Infrastructure\DevFreela.Infrastructure.csproj", "{78EFFDD2-5A5C-4F1B-B5B5-50240603D04D}"
EndProject
Project("{FAE04EC0-301F-11D3-BF4B-00C04F79EFBC}") = "DevFreela.Application", "DevFreela.Application\DevFreela.Application.csproj", "{CEF3CD89-A826-492F-8891-852D116C570D}"
EndProject
Global
	GlobalSection(SolutionConfigurationPlatforms) = preSolution
		Debug|Any CPU = Debug|Any CPU
		Release|Any CPU = Release|Any CPU
	EndGlobalSection
	GlobalSection(ProjectConfigurationPlatforms) = postSolution
		{53BCD747-62EA-4432-B3C7-2A0C3E40BF9E}.Debug|Any CPU.ActiveCfg = Debug|Any CPU
		{53BCD747-62EA-4432-B3C7-2A0C3E40BF9E}.Debug|Any CPU.Build.0 = Debug|Any CPU
		{53BCD747-62EA-4432-B3C7-2A0C3E40BF9E}.Release|Any CPU.ActiveCfg = Release|Any CPU
		{53BCD747-62EA-4432-B3C7-2A0C3E40BF9E}.Release|Any CPU.Build.0 = Release|Any CPU
		{BF58027F-C82D-4C07-929B-3DD7B8BA6839}.Debug|Any CPU.ActiveCfg = Debug|Any CPU
		{BF58027F-C82D-4C07-929B-3DD7B8BA6839}.Debug|Any CPU.Build.0 = Debug|Any CPU
		{BF58027F-C82D-4C07-929B-3DD7B8BA6839}.Release|Any CPU.ActiveCfg = Release|Any CPU
		{BF58027F-C82D-4C07-929B-3DD7B8BA6839}.Release|Any CPU.Build.0 = Release|Any CPU
		{78EFFDD2-5A5C-4F1B-B5B5-50240603D04D}.Debug|Any CPU.ActiveCfg = Debug|Any CPU
		{78EFFDD2-5A5C-4F1B-B5B5-50240603D04D}.Debug|Any CPU.Build.0 = Debug|Any CPU
		{78EFFDD2-5A5C-4F1B-B5B5-50240603D04D}.Release|Any CPU.ActiveCfg = Release|Any CPU
		{78EFFDD2-5A5C-4F1B-B5B5-50240603D04D}.Release|Any CPU.Build.0 = Release|Any CPU
		{CEF3CD89-A826-492F-8891-852D116C570D}.Debug|Any CPU.ActiveCfg = Debug|Any CPU
		{CEF3CD89-A826-492F-8891-852D116C570D}.Debug|Any CPU.Build.0 = Debug|Any CPU
		{CEF3CD89-A826-492F-8891-852D116C570D}.Release|Any CPU.ActiveCfg = Release|Any CPU
		{CEF3CD89-A826-492F-8891-852D116C570D}.Release|Any CPU.Build.0 = Release|Any CPU
	EndGlobalSection
	GlobalSection(SolutionProperties) = preSolution
		HideSolutionNode = FALSE
	EndGlobalSection
	GlobalSection(ExtensibilityGlobals) = postSolution
		SolutionGuid = {AFAA5FCF-2D76-46E5-90FE-7302015383B4}
	EndGlobalSection
EndGlobal
